
Microsoft Visual Studio Solution File, Format Version 12.00
# Visual Studio Version 17
VisualStudioVersion = 17.9.34714.143
MinimumVisualStudioVersion = 10.0.40219.1
Project("{FAE04EC0-301F-11D3-BF4B-00C04F79EFBC}") = "day1", "day1\day1.csproj", "{AD3F6001-6CE0-4FE1-ADB9-9C86E667A458}"
EndProject
Project("{FAE04EC0-301F-11D3-BF4B-00C04F79EFBC}") = "day2", "day2\day2.csproj", "{F94F795C-02A3-41D7-992D-0E0E93366826}"
EndProject
Project("{FAE04EC0-301F-11D3-BF4B-00C04F79EFBC}") = "day3", "day3\day3.csproj", "{CDB29D0C-23FD-44D7-A7B5-EEBA5CC98F31}"
EndProject
Project("{FAE04EC0-301F-11D3-BF4B-00C04F79EFBC}") = "day4", "day4\day4.csproj", "{49BBACA9-DF7A-4117-B02B-2A1606FDFF15}"
EndProject
Project("{FAE04EC0-301F-11D3-BF4B-00C04F79EFBC}") = "day5", "day5\day5.csproj", "{8FF69A9E-FCED-4002-8B02-EADB1D71F107}"
EndProject
Project("{FAE04EC0-301F-11D3-BF4B-00C04F79EFBC}") = "day6", "day6\day6.csproj", "{3119E235-B7B6-4E62-9465-D2DAB8602AA6}"
EndProject
Project("{FAE04EC0-301F-11D3-BF4B-00C04F79EFBC}") = "day7", "day7\day7.csproj", "{8BCE940E-F981-4C73-A064-C35CFDCC9829}"
EndProject
Project("{FAE04EC0-301F-11D3-BF4B-00C04F79EFBC}") = "day8", "day8\day8.csproj", "{CDDFD6DE-1C79-484D-B451-3C4DED4E9A53}"
EndProject
Project("{FAE04EC0-301F-11D3-BF4B-00C04F79EFBC}") = "day9", "day9\day9.csproj", "{DD9884F3-D9B5-4BF3-A9C7-4DAB86841CFC}"
EndProject
Project("{FAE04EC0-301F-11D3-BF4B-00C04F79EFBC}") = "day10", "day10\day10.csproj", "{FE5EDD5B-42A0-4B4E-8438-182C37CD606C}"
EndProject
Project("{FAE04EC0-301F-11D3-BF4B-00C04F79EFBC}") = "day11", "day11\day11.csproj", "{054B59C1-7020-42A8-B92B-330495401112}"
EndProject
Project("{FAE04EC0-301F-11D3-BF4B-00C04F79EFBC}") = "day12", "day12\day12.csproj", "{63E7EF90-4E3F-4D5A-977E-71B75383A17E}"
EndProject
Project("{FAE04EC0-301F-11D3-BF4B-00C04F79EFBC}") = "day13", "day13\day13.csproj", "{7F166E58-0CF9-4F4F-89E2-9DCE7E225EEA}"
EndProject
Project("{FAE04EC0-301F-11D3-BF4B-00C04F79EFBC}") = "aocTools", "aocTools\aocTools.csproj", "{EFC03C18-62F4-49C8-8612-C12806EC75B6}"
EndProject
Project("{FAE04EC0-301F-11D3-BF4B-00C04F79EFBC}") = "day14", "day14\day14.csproj", "{6C7F746D-1B26-4A77-B542-EB257A718619}"
EndProject
Project("{FAE04EC0-301F-11D3-BF4B-00C04F79EFBC}") = "day15", "day15\day15.csproj", "{438CF768-8056-4745-BD28-D2C8A5512E77}"
EndProject
Project("{FAE04EC0-301F-11D3-BF4B-00C04F79EFBC}") = "day16", "day16\day16.csproj", "{661FC395-3D31-4664-AD64-2A994104C50E}"
EndProject
Project("{FAE04EC0-301F-11D3-BF4B-00C04F79EFBC}") = "day17", "day17\day17.csproj", "{28692271-333F-4E05-9C5B-1F08277EB430}"
EndProject
Project("{FAE04EC0-301F-11D3-BF4B-00C04F79EFBC}") = "day18", "day18\day18.csproj", "{DE2F1171-820C-43D0-8023-0BFD5150896F}"
EndProject
Project("{FAE04EC0-301F-11D3-BF4B-00C04F79EFBC}") = "day19", "day19\day19.csproj", "{252239B2-3019-41CF-92FE-2EF8AD4C620D}"
EndProject
Project("{FAE04EC0-301F-11D3-BF4B-00C04F79EFBC}") = "day20", "day20\day20.csproj", "{D92F50BB-43D3-4745-A859-5A1E484B243C}"
EndProject
Project("{FAE04EC0-301F-11D3-BF4B-00C04F79EFBC}") = "day21", "day21\day21.csproj", "{612D870E-3D12-40E6-B993-537792E05312}"
EndProject
Project("{FAE04EC0-301F-11D3-BF4B-00C04F79EFBC}") = "day22", "day22\day22.csproj", "{47B46C6D-59CF-4B01-945D-2F3FB6D8079C}"
EndProject
Project("{2150E333-8FDC-42A3-9474-1A3956D46DE8}") = "aoc2021", "aoc2021", "{0FB883FF-2B43-4D2F-BFB1-7968CFC5ABB2}"
EndProject
Project("{2150E333-8FDC-42A3-9474-1A3956D46DE8}") = "aoc2022", "aoc2022", "{6FCDCFE8-1F37-433C-BBDF-6F38DFE8A763}"
EndProject
Project("{FAE04EC0-301F-11D3-BF4B-00C04F79EFBC}") = "aoc22", "aoc22\aoc22.csproj", "{9689FC37-D989-4CA3-BD1E-6AB78097A7D9}"
EndProject
Project("{2150E333-8FDC-42A3-9474-1A3956D46DE8}") = "aoc2023", "aoc2023", "{D793C6CE-144E-478A-A047-40F62C091381}"
EndProject
Project("{FAE04EC0-301F-11D3-BF4B-00C04F79EFBC}") = "aoc23", "aoc23\aoc23.csproj", "{D6775295-E46A-4E10-983A-B2B23B2758E4}"
EndProject
Project("{FAE04EC0-301F-11D3-BF4B-00C04F79EFBC}") = "day23", "day23\day23.csproj", "{8A7F22DF-C177-4820-B9B0-B917336B5E86}"
EndProject
Project("{FAE04EC0-301F-11D3-BF4B-00C04F79EFBC}") = "day24", "day24\day24.csproj", "{FE4179EC-3CA6-4B70-9D4B-98B9AE06A917}"
EndProject
Project("{FAE04EC0-301F-11D3-BF4B-00C04F79EFBC}") = "day25", "day25\day25.csproj", "{C582F7AC-614D-4DA1-A2AC-8FB4A746B430}"
EndProject
Project("{2150E333-8FDC-42A3-9474-1A3956D46DE8}") = "aoc2024", "aoc2024", "{B35C1E1F-2458-431B-BDFE-F336DFB2B19C}"
EndProject
Project("{FAE04EC0-301F-11D3-BF4B-00C04F79EFBC}") = "aoc24", "aoc24\aoc24.csproj", "{9B2C4E27-4C07-45E7-8897-57CD3E3E825A}"
EndProject
Global
	GlobalSection(SolutionConfigurationPlatforms) = preSolution
		Debug|Any CPU = Debug|Any CPU
		Release|Any CPU = Release|Any CPU
	EndGlobalSection
	GlobalSection(ProjectConfigurationPlatforms) = postSolution
		{AD3F6001-6CE0-4FE1-ADB9-9C86E667A458}.Debug|Any CPU.ActiveCfg = Debug|Any CPU
		{AD3F6001-6CE0-4FE1-ADB9-9C86E667A458}.Debug|Any CPU.Build.0 = Debug|Any CPU
		{AD3F6001-6CE0-4FE1-ADB9-9C86E667A458}.Release|Any CPU.ActiveCfg = Release|Any CPU
		{AD3F6001-6CE0-4FE1-ADB9-9C86E667A458}.Release|Any CPU.Build.0 = Release|Any CPU
		{F94F795C-02A3-41D7-992D-0E0E93366826}.Debug|Any CPU.ActiveCfg = Debug|Any CPU
		{F94F795C-02A3-41D7-992D-0E0E93366826}.Debug|Any CPU.Build.0 = Debug|Any CPU
		{F94F795C-02A3-41D7-992D-0E0E93366826}.Release|Any CPU.ActiveCfg = Release|Any CPU
		{F94F795C-02A3-41D7-992D-0E0E93366826}.Release|Any CPU.Build.0 = Release|Any CPU
		{CDB29D0C-23FD-44D7-A7B5-EEBA5CC98F31}.Debug|Any CPU.ActiveCfg = Debug|Any CPU
		{CDB29D0C-23FD-44D7-A7B5-EEBA5CC98F31}.Debug|Any CPU.Build.0 = Debug|Any CPU
		{CDB29D0C-23FD-44D7-A7B5-EEBA5CC98F31}.Release|Any CPU.ActiveCfg = Release|Any CPU
		{CDB29D0C-23FD-44D7-A7B5-EEBA5CC98F31}.Release|Any CPU.Build.0 = Release|Any CPU
		{49BBACA9-DF7A-4117-B02B-2A1606FDFF15}.Debug|Any CPU.ActiveCfg = Debug|Any CPU
		{49BBACA9-DF7A-4117-B02B-2A1606FDFF15}.Debug|Any CPU.Build.0 = Debug|Any CPU
		{49BBACA9-DF7A-4117-B02B-2A1606FDFF15}.Release|Any CPU.ActiveCfg = Release|Any CPU
		{49BBACA9-DF7A-4117-B02B-2A1606FDFF15}.Release|Any CPU.Build.0 = Release|Any CPU
		{8FF69A9E-FCED-4002-8B02-EADB1D71F107}.Debug|Any CPU.ActiveCfg = Debug|Any CPU
		{8FF69A9E-FCED-4002-8B02-EADB1D71F107}.Debug|Any CPU.Build.0 = Debug|Any CPU
		{8FF69A9E-FCED-4002-8B02-EADB1D71F107}.Release|Any CPU.ActiveCfg = Release|Any CPU
		{8FF69A9E-FCED-4002-8B02-EADB1D71F107}.Release|Any CPU.Build.0 = Release|Any CPU
		{3119E235-B7B6-4E62-9465-D2DAB8602AA6}.Debug|Any CPU.ActiveCfg = Debug|Any CPU
		{3119E235-B7B6-4E62-9465-D2DAB8602AA6}.Debug|Any CPU.Build.0 = Debug|Any CPU
		{3119E235-B7B6-4E62-9465-D2DAB8602AA6}.Release|Any CPU.ActiveCfg = Release|Any CPU
		{3119E235-B7B6-4E62-9465-D2DAB8602AA6}.Release|Any CPU.Build.0 = Release|Any CPU
		{8BCE940E-F981-4C73-A064-C35CFDCC9829}.Debug|Any CPU.ActiveCfg = Debug|Any CPU
		{8BCE940E-F981-4C73-A064-C35CFDCC9829}.Debug|Any CPU.Build.0 = Debug|Any CPU
		{8BCE940E-F981-4C73-A064-C35CFDCC9829}.Release|Any CPU.ActiveCfg = Release|Any CPU
		{8BCE940E-F981-4C73-A064-C35CFDCC9829}.Release|Any CPU.Build.0 = Release|Any CPU
		{CDDFD6DE-1C79-484D-B451-3C4DED4E9A53}.Debug|Any CPU.ActiveCfg = Debug|Any CPU
		{CDDFD6DE-1C79-484D-B451-3C4DED4E9A53}.Debug|Any CPU.Build.0 = Debug|Any CPU
		{CDDFD6DE-1C79-484D-B451-3C4DED4E9A53}.Release|Any CPU.ActiveCfg = Release|Any CPU
		{CDDFD6DE-1C79-484D-B451-3C4DED4E9A53}.Release|Any CPU.Build.0 = Release|Any CPU
		{DD9884F3-D9B5-4BF3-A9C7-4DAB86841CFC}.Debug|Any CPU.ActiveCfg = Debug|Any CPU
		{DD9884F3-D9B5-4BF3-A9C7-4DAB86841CFC}.Debug|Any CPU.Build.0 = Debug|Any CPU
		{DD9884F3-D9B5-4BF3-A9C7-4DAB86841CFC}.Release|Any CPU.ActiveCfg = Release|Any CPU
		{DD9884F3-D9B5-4BF3-A9C7-4DAB86841CFC}.Release|Any CPU.Build.0 = Release|Any CPU
		{FE5EDD5B-42A0-4B4E-8438-182C37CD606C}.Debug|Any CPU.ActiveCfg = Debug|Any CPU
		{FE5EDD5B-42A0-4B4E-8438-182C37CD606C}.Debug|Any CPU.Build.0 = Debug|Any CPU
		{FE5EDD5B-42A0-4B4E-8438-182C37CD606C}.Release|Any CPU.ActiveCfg = Release|Any CPU
		{FE5EDD5B-42A0-4B4E-8438-182C37CD606C}.Release|Any CPU.Build.0 = Release|Any CPU
		{054B59C1-7020-42A8-B92B-330495401112}.Debug|Any CPU.ActiveCfg = Debug|Any CPU
		{054B59C1-7020-42A8-B92B-330495401112}.Debug|Any CPU.Build.0 = Debug|Any CPU
		{054B59C1-7020-42A8-B92B-330495401112}.Release|Any CPU.ActiveCfg = Release|Any CPU
		{054B59C1-7020-42A8-B92B-330495401112}.Release|Any CPU.Build.0 = Release|Any CPU
		{63E7EF90-4E3F-4D5A-977E-71B75383A17E}.Debug|Any CPU.ActiveCfg = Debug|Any CPU
		{63E7EF90-4E3F-4D5A-977E-71B75383A17E}.Debug|Any CPU.Build.0 = Debug|Any CPU
		{63E7EF90-4E3F-4D5A-977E-71B75383A17E}.Release|Any CPU.ActiveCfg = Release|Any CPU
		{63E7EF90-4E3F-4D5A-977E-71B75383A17E}.Release|Any CPU.Build.0 = Release|Any CPU
		{7F166E58-0CF9-4F4F-89E2-9DCE7E225EEA}.Debug|Any CPU.ActiveCfg = Debug|Any CPU
		{7F166E58-0CF9-4F4F-89E2-9DCE7E225EEA}.Debug|Any CPU.Build.0 = Debug|Any CPU
		{7F166E58-0CF9-4F4F-89E2-9DCE7E225EEA}.Release|Any CPU.ActiveCfg = Release|Any CPU
		{7F166E58-0CF9-4F4F-89E2-9DCE7E225EEA}.Release|Any CPU.Build.0 = Release|Any CPU
		{EFC03C18-62F4-49C8-8612-C12806EC75B6}.Debug|Any CPU.ActiveCfg = Debug|Any CPU
		{EFC03C18-62F4-49C8-8612-C12806EC75B6}.Debug|Any CPU.Build.0 = Debug|Any CPU
		{EFC03C18-62F4-49C8-8612-C12806EC75B6}.Release|Any CPU.ActiveCfg = Release|Any CPU
		{EFC03C18-62F4-49C8-8612-C12806EC75B6}.Release|Any CPU.Build.0 = Release|Any CPU
		{6C7F746D-1B26-4A77-B542-EB257A718619}.Debug|Any CPU.ActiveCfg = Debug|Any CPU
		{6C7F746D-1B26-4A77-B542-EB257A718619}.Debug|Any CPU.Build.0 = Debug|Any CPU
		{6C7F746D-1B26-4A77-B542-EB257A718619}.Release|Any CPU.ActiveCfg = Release|Any CPU
		{6C7F746D-1B26-4A77-B542-EB257A718619}.Release|Any CPU.Build.0 = Release|Any CPU
		{438CF768-8056-4745-BD28-D2C8A5512E77}.Debug|Any CPU.ActiveCfg = Debug|Any CPU
		{438CF768-8056-4745-BD28-D2C8A5512E77}.Debug|Any CPU.Build.0 = Debug|Any CPU
		{438CF768-8056-4745-BD28-D2C8A5512E77}.Release|Any CPU.ActiveCfg = Release|Any CPU
		{438CF768-8056-4745-BD28-D2C8A5512E77}.Release|Any CPU.Build.0 = Release|Any CPU
		{661FC395-3D31-4664-AD64-2A994104C50E}.Debug|Any CPU.ActiveCfg = Debug|Any CPU
		{661FC395-3D31-4664-AD64-2A994104C50E}.Debug|Any CPU.Build.0 = Debug|Any CPU
		{661FC395-3D31-4664-AD64-2A994104C50E}.Release|Any CPU.ActiveCfg = Release|Any CPU
		{661FC395-3D31-4664-AD64-2A994104C50E}.Release|Any CPU.Build.0 = Release|Any CPU
		{28692271-333F-4E05-9C5B-1F08277EB430}.Debug|Any CPU.ActiveCfg = Debug|Any CPU
		{28692271-333F-4E05-9C5B-1F08277EB430}.Debug|Any CPU.Build.0 = Debug|Any CPU
		{28692271-333F-4E05-9C5B-1F08277EB430}.Release|Any CPU.ActiveCfg = Release|Any CPU
		{28692271-333F-4E05-9C5B-1F08277EB430}.Release|Any CPU.Build.0 = Release|Any CPU
		{DE2F1171-820C-43D0-8023-0BFD5150896F}.Debug|Any CPU.ActiveCfg = Debug|Any CPU
		{DE2F1171-820C-43D0-8023-0BFD5150896F}.Debug|Any CPU.Build.0 = Debug|Any CPU
		{DE2F1171-820C-43D0-8023-0BFD5150896F}.Release|Any CPU.ActiveCfg = Release|Any CPU
		{DE2F1171-820C-43D0-8023-0BFD5150896F}.Release|Any CPU.Build.0 = Release|Any CPU
		{252239B2-3019-41CF-92FE-2EF8AD4C620D}.Debug|Any CPU.ActiveCfg = Debug|Any CPU
		{252239B2-3019-41CF-92FE-2EF8AD4C620D}.Debug|Any CPU.Build.0 = Debug|Any CPU
		{252239B2-3019-41CF-92FE-2EF8AD4C620D}.Release|Any CPU.ActiveCfg = Release|Any CPU
		{252239B2-3019-41CF-92FE-2EF8AD4C620D}.Release|Any CPU.Build.0 = Release|Any CPU
		{D92F50BB-43D3-4745-A859-5A1E484B243C}.Debug|Any CPU.ActiveCfg = Debug|Any CPU
		{D92F50BB-43D3-4745-A859-5A1E484B243C}.Debug|Any CPU.Build.0 = Debug|Any CPU
		{D92F50BB-43D3-4745-A859-5A1E484B243C}.Release|Any CPU.ActiveCfg = Release|Any CPU
		{D92F50BB-43D3-4745-A859-5A1E484B243C}.Release|Any CPU.Build.0 = Release|Any CPU
		{612D870E-3D12-40E6-B993-537792E05312}.Debug|Any CPU.ActiveCfg = Debug|Any CPU
		{612D870E-3D12-40E6-B993-537792E05312}.Debug|Any CPU.Build.0 = Debug|Any CPU
		{612D870E-3D12-40E6-B993-537792E05312}.Release|Any CPU.ActiveCfg = Release|Any CPU
		{612D870E-3D12-40E6-B993-537792E05312}.Release|Any CPU.Build.0 = Release|Any CPU
		{47B46C6D-59CF-4B01-945D-2F3FB6D8079C}.Debug|Any CPU.ActiveCfg = Debug|Any CPU
		{47B46C6D-59CF-4B01-945D-2F3FB6D8079C}.Debug|Any CPU.Build.0 = Debug|Any CPU
		{47B46C6D-59CF-4B01-945D-2F3FB6D8079C}.Release|Any CPU.ActiveCfg = Release|Any CPU
		{47B46C6D-59CF-4B01-945D-2F3FB6D8079C}.Release|Any CPU.Build.0 = Release|Any CPU
		{9689FC37-D989-4CA3-BD1E-6AB78097A7D9}.Debug|Any CPU.ActiveCfg = Debug|Any CPU
		{9689FC37-D989-4CA3-BD1E-6AB78097A7D9}.Debug|Any CPU.Build.0 = Debug|Any CPU
		{9689FC37-D989-4CA3-BD1E-6AB78097A7D9}.Release|Any CPU.ActiveCfg = Release|Any CPU
		{9689FC37-D989-4CA3-BD1E-6AB78097A7D9}.Release|Any CPU.Build.0 = Release|Any CPU
		{D6775295-E46A-4E10-983A-B2B23B2758E4}.Debug|Any CPU.ActiveCfg = Debug|Any CPU
		{D6775295-E46A-4E10-983A-B2B23B2758E4}.Debug|Any CPU.Build.0 = Debug|Any CPU
		{D6775295-E46A-4E10-983A-B2B23B2758E4}.Release|Any CPU.ActiveCfg = Release|Any CPU
		{D6775295-E46A-4E10-983A-B2B23B2758E4}.Release|Any CPU.Build.0 = Release|Any CPU
		{8A7F22DF-C177-4820-B9B0-B917336B5E86}.Debug|Any CPU.ActiveCfg = Debug|Any CPU
		{8A7F22DF-C177-4820-B9B0-B917336B5E86}.Debug|Any CPU.Build.0 = Debug|Any CPU
		{8A7F22DF-C177-4820-B9B0-B917336B5E86}.Release|Any CPU.ActiveCfg = Release|Any CPU
		{8A7F22DF-C177-4820-B9B0-B917336B5E86}.Release|Any CPU.Build.0 = Release|Any CPU
		{FE4179EC-3CA6-4B70-9D4B-98B9AE06A917}.Debug|Any CPU.ActiveCfg = Debug|Any CPU
		{FE4179EC-3CA6-4B70-9D4B-98B9AE06A917}.Debug|Any CPU.Build.0 = Debug|Any CPU
		{FE4179EC-3CA6-4B70-9D4B-98B9AE06A917}.Release|Any CPU.ActiveCfg = Release|Any CPU
		{FE4179EC-3CA6-4B70-9D4B-98B9AE06A917}.Release|Any CPU.Build.0 = Release|Any CPU
		{C582F7AC-614D-4DA1-A2AC-8FB4A746B430}.Debug|Any CPU.ActiveCfg = Debug|Any CPU
		{C582F7AC-614D-4DA1-A2AC-8FB4A746B430}.Debug|Any CPU.Build.0 = Debug|Any CPU
		{C582F7AC-614D-4DA1-A2AC-8FB4A746B430}.Release|Any CPU.ActiveCfg = Release|Any CPU
		{C582F7AC-614D-4DA1-A2AC-8FB4A746B430}.Release|Any CPU.Build.0 = Release|Any CPU
		{9B2C4E27-4C07-45E7-8897-57CD3E3E825A}.Debug|Any CPU.ActiveCfg = Debug|Any CPU
		{9B2C4E27-4C07-45E7-8897-57CD3E3E825A}.Debug|Any CPU.Build.0 = Debug|Any CPU
		{9B2C4E27-4C07-45E7-8897-57CD3E3E825A}.Release|Any CPU.ActiveCfg = Release|Any CPU
		{9B2C4E27-4C07-45E7-8897-57CD3E3E825A}.Release|Any CPU.Build.0 = Release|Any CPU
	EndGlobalSection
	GlobalSection(SolutionProperties) = preSolution
		HideSolutionNode = FALSE
	EndGlobalSection
	GlobalSection(NestedProjects) = preSolution
		{AD3F6001-6CE0-4FE1-ADB9-9C86E667A458} = {0FB883FF-2B43-4D2F-BFB1-7968CFC5ABB2}
		{F94F795C-02A3-41D7-992D-0E0E93366826} = {0FB883FF-2B43-4D2F-BFB1-7968CFC5ABB2}
		{CDB29D0C-23FD-44D7-A7B5-EEBA5CC98F31} = {0FB883FF-2B43-4D2F-BFB1-7968CFC5ABB2}
		{49BBACA9-DF7A-4117-B02B-2A1606FDFF15} = {0FB883FF-2B43-4D2F-BFB1-7968CFC5ABB2}
		{8FF69A9E-FCED-4002-8B02-EADB1D71F107} = {0FB883FF-2B43-4D2F-BFB1-7968CFC5ABB2}
		{3119E235-B7B6-4E62-9465-D2DAB8602AA6} = {0FB883FF-2B43-4D2F-BFB1-7968CFC5ABB2}
		{8BCE940E-F981-4C73-A064-C35CFDCC9829} = {0FB883FF-2B43-4D2F-BFB1-7968CFC5ABB2}
		{CDDFD6DE-1C79-484D-B451-3C4DED4E9A53} = {0FB883FF-2B43-4D2F-BFB1-7968CFC5ABB2}
		{DD9884F3-D9B5-4BF3-A9C7-4DAB86841CFC} = {0FB883FF-2B43-4D2F-BFB1-7968CFC5ABB2}
		{FE5EDD5B-42A0-4B4E-8438-182C37CD606C} = {0FB883FF-2B43-4D2F-BFB1-7968CFC5ABB2}
		{054B59C1-7020-42A8-B92B-330495401112} = {0FB883FF-2B43-4D2F-BFB1-7968CFC5ABB2}
		{63E7EF90-4E3F-4D5A-977E-71B75383A17E} = {0FB883FF-2B43-4D2F-BFB1-7968CFC5ABB2}
		{7F166E58-0CF9-4F4F-89E2-9DCE7E225EEA} = {0FB883FF-2B43-4D2F-BFB1-7968CFC5ABB2}
		{6C7F746D-1B26-4A77-B542-EB257A718619} = {0FB883FF-2B43-4D2F-BFB1-7968CFC5ABB2}
		{438CF768-8056-4745-BD28-D2C8A5512E77} = {0FB883FF-2B43-4D2F-BFB1-7968CFC5ABB2}
		{661FC395-3D31-4664-AD64-2A994104C50E} = {0FB883FF-2B43-4D2F-BFB1-7968CFC5ABB2}
		{28692271-333F-4E05-9C5B-1F08277EB430} = {0FB883FF-2B43-4D2F-BFB1-7968CFC5ABB2}
		{DE2F1171-820C-43D0-8023-0BFD5150896F} = {0FB883FF-2B43-4D2F-BFB1-7968CFC5ABB2}
		{252239B2-3019-41CF-92FE-2EF8AD4C620D} = {0FB883FF-2B43-4D2F-BFB1-7968CFC5ABB2}
		{D92F50BB-43D3-4745-A859-5A1E484B243C} = {0FB883FF-2B43-4D2F-BFB1-7968CFC5ABB2}
		{612D870E-3D12-40E6-B993-537792E05312} = {0FB883FF-2B43-4D2F-BFB1-7968CFC5ABB2}
		{47B46C6D-59CF-4B01-945D-2F3FB6D8079C} = {0FB883FF-2B43-4D2F-BFB1-7968CFC5ABB2}
		{9689FC37-D989-4CA3-BD1E-6AB78097A7D9} = {6FCDCFE8-1F37-433C-BBDF-6F38DFE8A763}
		{D6775295-E46A-4E10-983A-B2B23B2758E4} = {D793C6CE-144E-478A-A047-40F62C091381}
		{8A7F22DF-C177-4820-B9B0-B917336B5E86} = {0FB883FF-2B43-4D2F-BFB1-7968CFC5ABB2}
		{FE4179EC-3CA6-4B70-9D4B-98B9AE06A917} = {0FB883FF-2B43-4D2F-BFB1-7968CFC5ABB2}
		{C582F7AC-614D-4DA1-A2AC-8FB4A746B430} = {0FB883FF-2B43-4D2F-BFB1-7968CFC5ABB2}
		{9B2C4E27-4C07-45E7-8897-57CD3E3E825A} = {B35C1E1F-2458-431B-BDFE-F336DFB2B19C}
	EndGlobalSection
	GlobalSection(ExtensibilityGlobals) = postSolution
		SolutionGuid = {9489EA5B-7E6E-4424-89C8-991305C5A300}
	EndGlobalSection
EndGlobal
