
Microsoft Visual Studio Solution File, Format Version 12.00
Project("{FAE04EC0-301F-11D3-BF4B-00C04F79EFBC}") = "ccc_35_classic_compiler", "ccc_35_classic_compiler\ccc_35_classic_compiler.csproj", "{45B5F4AA-5A6E-41C3-9F22-34865471529F}"
EndProject
Project("{FAE04EC0-301F-11D3-BF4B-00C04F79EFBC}") = "ccc_34_classic_smartgrid", "ccc_34_classic_smartgrid\ccc_34_classic_smartgrid.csproj", "{C96DD117-64D0-4C88-BFA3-63D872ED9591}"
EndProject
Project("{FAE04EC0-301F-11D3-BF4B-00C04F79EFBC}") = "CodingHelper", "CodingHelper\CodingHelper.csproj", "{2292875D-12C1-477D-B809-2B864B3753F2}"
EndProject
Project("{FAE04EC0-301F-11D3-BF4B-00C04F79EFBC}") = "ccc_35_school_trick-or-trade", "ccc_35_school_trick-or-trade\ccc_35_school_trick-or-trade.csproj", "{5BE6F6C7-9925-453C-8E29-7C62548C5999}"
EndProject
Project("{FAE04EC0-301F-11D3-BF4B-00C04F79EFBC}") = "ccc_34_classic_smartgrid_practice", "ccc_34_classic_smartgrid_practice\ccc_34_classic_smartgrid_practice.csproj", "{3F317F6E-097B-49AA-AC6C-DF25388402CD}"
EndProject
Project("{FAE04EC0-301F-11D3-BF4B-00C04F79EFBC}") = "ccc_36_classic", "ccc_36_classic\ccc_36_classic.csproj", "{1A7F3D6C-9EF5-4FFB-BA76-9D27A01608A7}"
EndProject
Project("{FAE04EC0-301F-11D3-BF4B-00C04F79EFBC}") = "ccc_36_school", "ccc_36_school\ccc_36_school.csproj", "{6EDBE068-6338-45D5-853C-1AF7CC7EF493}"
EndProject
Project("{FAE04EC0-301F-11D3-BF4B-00C04F79EFBC}") = "ccc_34_school_practice", "ccc_34_school_practice\ccc_34_school_practice.csproj", "{B99D146B-6988-451F-A69B-A5824FDA8764}"
EndProject
Project("{FAE04EC0-301F-11D3-BF4B-00C04F79EFBC}") = "ccc_37_school", "ccc_37_school\ccc_37_school.csproj", "{6A549299-1971-4518-B816-85BD462B4107}"
EndProject
Project("{FAE04EC0-301F-11D3-BF4B-00C04F79EFBC}") = "ccc_37_classic", "ccc_37_classic\ccc_37_classic.csproj", "{807CEE83-2DB3-4770-9925-5B621172C031}"
EndProject
Project("{FAE04EC0-301F-11D3-BF4B-00C04F79EFBC}") = "ccc_38_school", "ccc_38_school\ccc_38_school.csproj", "{645C0CF9-54A3-486F-8730-72311CAA719A}"
EndProject
Project("{FAE04EC0-301F-11D3-BF4B-00C04F79EFBC}") = "ccc_38_classic", "ccc_38_classic\ccc_38_classic.csproj", "{26D33598-D860-4A74-8CFE-4CAF97B0259F}"
EndProject
Project("{FAE04EC0-301F-11D3-BF4B-00C04F79EFBC}") = "ccc_33_classic_practice_quantum_breakdown", "ccc_33_classic_practice_quantum_breakdown\ccc_33_classic_practice_quantum_breakdown.csproj", "{32881C0D-8BE0-4501-91A0-E16824ACCBAD}"
EndProject
Project("{FAE04EC0-301F-11D3-BF4B-00C04F79EFBC}") = "ccc_39_classic", "ccc_39_classic\ccc_39_classic.csproj", "{829F8159-480D-4661-B28E-4CC6C730E668}"
EndProject
Project("{FAE04EC0-301F-11D3-BF4B-00C04F79EFBC}") = "ccc_40_classic", "ccc_40_classic\ccc_40_classic.csproj", "{5DA39691-69FE-4F2E-B81E-66E6EE16C631}"
EndProject
Global
	GlobalSection(SolutionConfigurationPlatforms) = preSolution
		Debug|Any CPU = Debug|Any CPU
		Release|Any CPU = Release|Any CPU
	EndGlobalSection
	GlobalSection(ProjectConfigurationPlatforms) = postSolution
		{45B5F4AA-5A6E-41C3-9F22-34865471529F}.Debug|Any CPU.ActiveCfg = Debug|Any CPU
		{45B5F4AA-5A6E-41C3-9F22-34865471529F}.Debug|Any CPU.Build.0 = Debug|Any CPU
		{45B5F4AA-5A6E-41C3-9F22-34865471529F}.Release|Any CPU.ActiveCfg = Release|Any CPU
		{45B5F4AA-5A6E-41C3-9F22-34865471529F}.Release|Any CPU.Build.0 = Release|Any CPU
		{C96DD117-64D0-4C88-BFA3-63D872ED9591}.Debug|Any CPU.ActiveCfg = Debug|Any CPU
		{C96DD117-64D0-4C88-BFA3-63D872ED9591}.Debug|Any CPU.Build.0 = Debug|Any CPU
		{C96DD117-64D0-4C88-BFA3-63D872ED9591}.Release|Any CPU.ActiveCfg = Release|Any CPU
		{C96DD117-64D0-4C88-BFA3-63D872ED9591}.Release|Any CPU.Build.0 = Release|Any CPU
		{2292875D-12C1-477D-B809-2B864B3753F2}.Debug|Any CPU.ActiveCfg = Debug|Any CPU
		{2292875D-12C1-477D-B809-2B864B3753F2}.Debug|Any CPU.Build.0 = Debug|Any CPU
		{2292875D-12C1-477D-B809-2B864B3753F2}.Release|Any CPU.ActiveCfg = Release|Any CPU
		{2292875D-12C1-477D-B809-2B864B3753F2}.Release|Any CPU.Build.0 = Release|Any CPU
		{5BE6F6C7-9925-453C-8E29-7C62548C5999}.Debug|Any CPU.ActiveCfg = Debug|Any CPU
		{5BE6F6C7-9925-453C-8E29-7C62548C5999}.Debug|Any CPU.Build.0 = Debug|Any CPU
		{5BE6F6C7-9925-453C-8E29-7C62548C5999}.Release|Any CPU.ActiveCfg = Release|Any CPU
		{5BE6F6C7-9925-453C-8E29-7C62548C5999}.Release|Any CPU.Build.0 = Release|Any CPU
		{3F317F6E-097B-49AA-AC6C-DF25388402CD}.Debug|Any CPU.ActiveCfg = Debug|Any CPU
		{3F317F6E-097B-49AA-AC6C-DF25388402CD}.Debug|Any CPU.Build.0 = Debug|Any CPU
		{3F317F6E-097B-49AA-AC6C-DF25388402CD}.Release|Any CPU.ActiveCfg = Release|Any CPU
		{3F317F6E-097B-49AA-AC6C-DF25388402CD}.Release|Any CPU.Build.0 = Release|Any CPU
		{1A7F3D6C-9EF5-4FFB-BA76-9D27A01608A7}.Debug|Any CPU.ActiveCfg = Debug|Any CPU
		{1A7F3D6C-9EF5-4FFB-BA76-9D27A01608A7}.Debug|Any CPU.Build.0 = Debug|Any CPU
		{1A7F3D6C-9EF5-4FFB-BA76-9D27A01608A7}.Release|Any CPU.ActiveCfg = Release|Any CPU
		{1A7F3D6C-9EF5-4FFB-BA76-9D27A01608A7}.Release|Any CPU.Build.0 = Release|Any CPU
		{6EDBE068-6338-45D5-853C-1AF7CC7EF493}.Debug|Any CPU.ActiveCfg = Debug|Any CPU
		{6EDBE068-6338-45D5-853C-1AF7CC7EF493}.Debug|Any CPU.Build.0 = Debug|Any CPU
		{6EDBE068-6338-45D5-853C-1AF7CC7EF493}.Release|Any CPU.ActiveCfg = Release|Any CPU
		{6EDBE068-6338-45D5-853C-1AF7CC7EF493}.Release|Any CPU.Build.0 = Release|Any CPU
		{B99D146B-6988-451F-A69B-A5824FDA8764}.Debug|Any CPU.ActiveCfg = Debug|Any CPU
		{B99D146B-6988-451F-A69B-A5824FDA8764}.Debug|Any CPU.Build.0 = Debug|Any CPU
		{B99D146B-6988-451F-A69B-A5824FDA8764}.Release|Any CPU.ActiveCfg = Release|Any CPU
		{B99D146B-6988-451F-A69B-A5824FDA8764}.Release|Any CPU.Build.0 = Release|Any CPU
		{6A549299-1971-4518-B816-85BD462B4107}.Debug|Any CPU.ActiveCfg = Debug|Any CPU
		{6A549299-1971-4518-B816-85BD462B4107}.Debug|Any CPU.Build.0 = Debug|Any CPU
		{6A549299-1971-4518-B816-85BD462B4107}.Release|Any CPU.ActiveCfg = Release|Any CPU
		{6A549299-1971-4518-B816-85BD462B4107}.Release|Any CPU.Build.0 = Release|Any CPU
		{807CEE83-2DB3-4770-9925-5B621172C031}.Debug|Any CPU.ActiveCfg = Debug|Any CPU
		{807CEE83-2DB3-4770-9925-5B621172C031}.Debug|Any CPU.Build.0 = Debug|Any CPU
		{807CEE83-2DB3-4770-9925-5B621172C031}.Release|Any CPU.ActiveCfg = Release|Any CPU
		{807CEE83-2DB3-4770-9925-5B621172C031}.Release|Any CPU.Build.0 = Release|Any CPU
		{645C0CF9-54A3-486F-8730-72311CAA719A}.Debug|Any CPU.ActiveCfg = Debug|Any CPU
		{645C0CF9-54A3-486F-8730-72311CAA719A}.Debug|Any CPU.Build.0 = Debug|Any CPU
		{645C0CF9-54A3-486F-8730-72311CAA719A}.Release|Any CPU.ActiveCfg = Release|Any CPU
		{645C0CF9-54A3-486F-8730-72311CAA719A}.Release|Any CPU.Build.0 = Release|Any CPU
		{26D33598-D860-4A74-8CFE-4CAF97B0259F}.Debug|Any CPU.ActiveCfg = Debug|Any CPU
		{26D33598-D860-4A74-8CFE-4CAF97B0259F}.Debug|Any CPU.Build.0 = Debug|Any CPU
		{26D33598-D860-4A74-8CFE-4CAF97B0259F}.Release|Any CPU.ActiveCfg = Release|Any CPU
		{26D33598-D860-4A74-8CFE-4CAF97B0259F}.Release|Any CPU.Build.0 = Release|Any CPU
		{32881C0D-8BE0-4501-91A0-E16824ACCBAD}.Debug|Any CPU.ActiveCfg = Debug|Any CPU
		{32881C0D-8BE0-4501-91A0-E16824ACCBAD}.Debug|Any CPU.Build.0 = Debug|Any CPU
		{32881C0D-8BE0-4501-91A0-E16824ACCBAD}.Release|Any CPU.ActiveCfg = Release|Any CPU
		{32881C0D-8BE0-4501-91A0-E16824ACCBAD}.Release|Any CPU.Build.0 = Release|Any CPU
		{829F8159-480D-4661-B28E-4CC6C730E668}.Debug|Any CPU.ActiveCfg = Debug|Any CPU
		{829F8159-480D-4661-B28E-4CC6C730E668}.Debug|Any CPU.Build.0 = Debug|Any CPU
		{829F8159-480D-4661-B28E-4CC6C730E668}.Release|Any CPU.ActiveCfg = Release|Any CPU
		{829F8159-480D-4661-B28E-4CC6C730E668}.Release|Any CPU.Build.0 = Release|Any CPU
		{5DA39691-69FE-4F2E-B81E-66E6EE16C631}.Debug|Any CPU.ActiveCfg = Debug|Any CPU
		{5DA39691-69FE-4F2E-B81E-66E6EE16C631}.Debug|Any CPU.Build.0 = Debug|Any CPU
		{5DA39691-69FE-4F2E-B81E-66E6EE16C631}.Release|Any CPU.ActiveCfg = Release|Any CPU
		{5DA39691-69FE-4F2E-B81E-66E6EE16C631}.Release|Any CPU.Build.0 = Release|Any CPU
	EndGlobalSection
EndGlobal
